
Microsoft Visual Studio Solution File, Format Version 12.00
# Visual Studio Version 17
VisualStudioVersion = 17.8.34511.84
MinimumVisualStudioVersion = 10.0.40219.1
Project("{2150E333-8FDC-42A3-9474-1A3956D46DE8}") = "src", "src", "{DE0781C8-D611-4C9B-A15E-0483023664FB}"
EndProject
Project("{2150E333-8FDC-42A3-9474-1A3956D46DE8}") = "Core", "Core", "{70D20C3B-376F-4CEB-9115-9192AFA6B5BC}"
EndProject
Project("{2150E333-8FDC-42A3-9474-1A3956D46DE8}") = "Presentation", "Presentation", "{B1F52E3E-6E6E-4C7D-8838-42350A7290A8}"
EndProject
Project("{2150E333-8FDC-42A3-9474-1A3956D46DE8}") = "Infrastructure", "Infrastructure", "{8586E73A-B08D-4592-BB1F-CB08164F8879}"
EndProject
Project("{2150E333-8FDC-42A3-9474-1A3956D46DE8}") = "Tests", "Tests", "{8B4E7C8E-C3E4-46A2-B6D1-D29822356CFC}"
EndProject
Project("{FAE04EC0-301F-11D3-BF4B-00C04F79EFBC}") = "AssignmentApp.Application", "Application\AssignmentApp.Application.csproj", "{ACBCC077-CA26-4BCF-B397-361A2DBAEE79}"
EndProject
Project("{FAE04EC0-301F-11D3-BF4B-00C04F79EFBC}") = "AssignmentApp.Domain", "AssignmentApp.Domain\AssignmentApp.Domain.csproj", "{9A74FA82-51E1-4968-AD4C-4DF54C553EFF}"
EndProject
Project("{FAE04EC0-301F-11D3-BF4B-00C04F79EFBC}") = "AssignmentApp.Persistence", "AssignmentApp.Persistence\AssignmentApp.Persistence.csproj", "{25DB9FAD-9157-4230-A18C-4356300115C6}"
EndProject
Project("{FAE04EC0-301F-11D3-BF4B-00C04F79EFBC}") = "AssignmentApp.WebApi", "AssignmentApp.WebApi\AssignmentApp.WebApi.csproj", "{2E9DD5D1-C4D4-4A8B-8036-BF1EBAD6B586}"
EndProject
Project("{FAE04EC0-301F-11D3-BF4B-00C04F79EFBC}") = "AssignmentApp.ApplicationTests", "AssignmentApp.ApplicationTests\AssignmentApp.ApplicationTests.csproj", "{82E45937-8919-4815-9938-20676A3697B1}"
EndProject
Global
	GlobalSection(SolutionConfigurationPlatforms) = preSolution
		Debug|Any CPU = Debug|Any CPU
		Release|Any CPU = Release|Any CPU
	EndGlobalSection
	GlobalSection(ProjectConfigurationPlatforms) = postSolution
		{ACBCC077-CA26-4BCF-B397-361A2DBAEE79}.Debug|Any CPU.ActiveCfg = Debug|Any CPU
		{ACBCC077-CA26-4BCF-B397-361A2DBAEE79}.Debug|Any CPU.Build.0 = Debug|Any CPU
		{ACBCC077-CA26-4BCF-B397-361A2DBAEE79}.Release|Any CPU.ActiveCfg = Release|Any CPU
		{ACBCC077-CA26-4BCF-B397-361A2DBAEE79}.Release|Any CPU.Build.0 = Release|Any CPU
		{9A74FA82-51E1-4968-AD4C-4DF54C553EFF}.Debug|Any CPU.ActiveCfg = Debug|Any CPU
		{9A74FA82-51E1-4968-AD4C-4DF54C553EFF}.Debug|Any CPU.Build.0 = Debug|Any CPU
		{9A74FA82-51E1-4968-AD4C-4DF54C553EFF}.Release|Any CPU.ActiveCfg = Release|Any CPU
		{9A74FA82-51E1-4968-AD4C-4DF54C553EFF}.Release|Any CPU.Build.0 = Release|Any CPU
		{25DB9FAD-9157-4230-A18C-4356300115C6}.Debug|Any CPU.ActiveCfg = Debug|Any CPU
		{25DB9FAD-9157-4230-A18C-4356300115C6}.Debug|Any CPU.Build.0 = Debug|Any CPU
		{25DB9FAD-9157-4230-A18C-4356300115C6}.Release|Any CPU.ActiveCfg = Release|Any CPU
		{25DB9FAD-9157-4230-A18C-4356300115C6}.Release|Any CPU.Build.0 = Release|Any CPU
		{2E9DD5D1-C4D4-4A8B-8036-BF1EBAD6B586}.Debug|Any CPU.ActiveCfg = Debug|Any CPU
		{2E9DD5D1-C4D4-4A8B-8036-BF1EBAD6B586}.Debug|Any CPU.Build.0 = Debug|Any CPU
		{2E9DD5D1-C4D4-4A8B-8036-BF1EBAD6B586}.Release|Any CPU.ActiveCfg = Release|Any CPU
		{2E9DD5D1-C4D4-4A8B-8036-BF1EBAD6B586}.Release|Any CPU.Build.0 = Release|Any CPU
		{82E45937-8919-4815-9938-20676A3697B1}.Debug|Any CPU.ActiveCfg = Debug|Any CPU
		{82E45937-8919-4815-9938-20676A3697B1}.Debug|Any CPU.Build.0 = Debug|Any CPU
		{82E45937-8919-4815-9938-20676A3697B1}.Release|Any CPU.ActiveCfg = Release|Any CPU
		{82E45937-8919-4815-9938-20676A3697B1}.Release|Any CPU.Build.0 = Release|Any CPU
	EndGlobalSection
	GlobalSection(SolutionProperties) = preSolution
		HideSolutionNode = FALSE
	EndGlobalSection
	GlobalSection(NestedProjects) = preSolution
		{70D20C3B-376F-4CEB-9115-9192AFA6B5BC} = {DE0781C8-D611-4C9B-A15E-0483023664FB}
		{B1F52E3E-6E6E-4C7D-8838-42350A7290A8} = {DE0781C8-D611-4C9B-A15E-0483023664FB}
		{8586E73A-B08D-4592-BB1F-CB08164F8879} = {DE0781C8-D611-4C9B-A15E-0483023664FB}
		{8B4E7C8E-C3E4-46A2-B6D1-D29822356CFC} = {DE0781C8-D611-4C9B-A15E-0483023664FB}
		{ACBCC077-CA26-4BCF-B397-361A2DBAEE79} = {70D20C3B-376F-4CEB-9115-9192AFA6B5BC}
		{9A74FA82-51E1-4968-AD4C-4DF54C553EFF} = {70D20C3B-376F-4CEB-9115-9192AFA6B5BC}
		{25DB9FAD-9157-4230-A18C-4356300115C6} = {8586E73A-B08D-4592-BB1F-CB08164F8879}
		{2E9DD5D1-C4D4-4A8B-8036-BF1EBAD6B586} = {B1F52E3E-6E6E-4C7D-8838-42350A7290A8}
		{82E45937-8919-4815-9938-20676A3697B1} = {8B4E7C8E-C3E4-46A2-B6D1-D29822356CFC}
	EndGlobalSection
	GlobalSection(ExtensibilityGlobals) = postSolution
		SolutionGuid = {C258243D-8612-4106-9810-4C546E5DA4F0}
	EndGlobalSection
EndGlobal
